// !$*UTF8*$!
{
	archiveVersion = 1;
	classes = {
	};
	objectVersion = 46;
	objects = {

/* Begin PBXBuildFile section */
		B6979C4A1D43C87200D151F6 /* AppDelegate.swift in Sources */ = {isa = PBXBuildFile; fileRef = B6979C491D43C87200D151F6 /* AppDelegate.swift */; };
		B6979C511D43C87200D151F6 /* Assets.xcassets in Resources */ = {isa = PBXBuildFile; fileRef = B6979C501D43C87200D151F6 /* Assets.xcassets */; };
		B6979C541D43C87200D151F6 /* LaunchScreen.storyboard in Resources */ = {isa = PBXBuildFile; fileRef = B6979C521D43C87200D151F6 /* LaunchScreen.storyboard */; };
		B6979C5C1D43C8DA00D151F6 /* UIView+Extension.swift in Sources */ = {isa = PBXBuildFile; fileRef = B6979C5B1D43C8DA00D151F6 /* UIView+Extension.swift */; };
		B6979C5E1D43CB5D00D151F6 /* TopWindowViewController.swift in Sources */ = {isa = PBXBuildFile; fileRef = B6979C5D1D43CB5D00D151F6 /* TopWindowViewController.swift */; };
		B6979C601D445F2800D151F6 /* SecondTableViewController.swift in Sources */ = {isa = PBXBuildFile; fileRef = B6979C5F1D445F2800D151F6 /* SecondTableViewController.swift */; };
		B6979C621D445FEA00D151F6 /* SuperViewController.swift in Sources */ = {isa = PBXBuildFile; fileRef = B6979C611D445FEA00D151F6 /* SuperViewController.swift */; };
		B6979C641D44620200D151F6 /* FirstTableViewController.swift in Sources */ = {isa = PBXBuildFile; fileRef = B6979C631D44620200D151F6 /* FirstTableViewController.swift */; };
/* End PBXBuildFile section */

/* Begin PBXFileReference section */
		B6979C461D43C87200D151F6 /* UIWindow滚到最上面的demo.app */ = {isa = PBXFileReference; explicitFileType = wrapper.application; includeInIndex = 0; path = "UIWindow滚到最上面的demo.app"; sourceTree = BUILT_PRODUCTS_DIR; };
		B6979C491D43C87200D151F6 /* AppDelegate.swift */ = {isa = PBXFileReference; lastKnownFileType = sourcecode.swift; path = AppDelegate.swift; sourceTree = "<group>"; };
		B6979C501D43C87200D151F6 /* Assets.xcassets */ = {isa = PBXFileReference; lastKnownFileType = folder.assetcatalog; path = Assets.xcassets; sourceTree = "<group>"; };
		B6979C531D43C87200D151F6 /* Base */ = {isa = PBXFileReference; lastKnownFileType = file.storyboard; name = Base; path = Base.lproj/LaunchScreen.storyboard; sourceTree = "<group>"; };
		B6979C551D43C87200D151F6 /* Info.plist */ = {isa = PBXFileReference; lastKnownFileType = text.plist.xml; path = Info.plist; sourceTree = "<group>"; };
		B6979C5B1D43C8DA00D151F6 /* UIView+Extension.swift */ = {isa = PBXFileReference; fileEncoding = 4; lastKnownFileType = sourcecode.swift; path = "UIView+Extension.swift"; sourceTree = "<group>"; };
		B6979C5D1D43CB5D00D151F6 /* TopWindowViewController.swift */ = {isa = PBXFileReference; fileEncoding = 4; lastKnownFileType = sourcecode.swift; path = TopWindowViewController.swift; sourceTree = "<group>"; };
		B6979C5F1D445F2800D151F6 /* SecondTableViewController.swift */ = {isa = PBXFileReference; fileEncoding = 4; lastKnownFileType = sourcecode.swift; path = SecondTableViewController.swift; sourceTree = "<group>"; };
		B6979C611D445FEA00D151F6 /* SuperViewController.swift */ = {isa = PBXFileReference; fileEncoding = 4; lastKnownFileType = sourcecode.swift; path = SuperViewController.swift; sourceTree = "<group>"; };
		B6979C631D44620200D151F6 /* FirstTableViewController.swift */ = {isa = PBXFileReference; fileEncoding = 4; lastKnownFileType = sourcecode.swift; path = FirstTableViewController.swift; sourceTree = "<group>"; };
/* End PBXFileReference section */

/* Begin PBXFrameworksBuildPhase section */
		B6979C431D43C87200D151F6 /* Frameworks */ = {
			isa = PBXFrameworksBuildPhase;
			buildActionMask = 2147483647;
			files = (
			);
			runOnlyForDeploymentPostprocessing = 0;
		};
/* End PBXFrameworksBuildPhase section */

/* Begin PBXGroup section */
		B6979C3D1D43C87200D151F6 = {
			isa = PBXGroup;
			children = (
				B6979C481D43C87200D151F6 /* UIWindow滚到最上面的demo */,
				B6979C471D43C87200D151F6 /* Products */,
			);
			sourceTree = "<group>";
		};
		B6979C471D43C87200D151F6 /* Products */ = {
			isa = PBXGroup;
			children = (
				B6979C461D43C87200D151F6 /* UIWindow滚到最上面的demo.app */,
			);
			name = Products;
			sourceTree = "<group>";
		};
		B6979C481D43C87200D151F6 /* UIWindow滚到最上面的demo */ = {
			isa = PBXGroup;
			children = (
				B6979C491D43C87200D151F6 /* AppDelegate.swift */,
				B6979C611D445FEA00D151F6 /* SuperViewController.swift */,
				B6979C631D44620200D151F6 /* FirstTableViewController.swift */,
				B6979C5F1D445F2800D151F6 /* SecondTableViewController.swift */,
				B6979C5D1D43CB5D00D151F6 /* TopWindowViewController.swift */,
				B6979C5B1D43C8DA00D151F6 /* UIView+Extension.swift */,
				B6979C501D43C87200D151F6 /* Assets.xcassets */,
				B6979C521D43C87200D151F6 /* LaunchScreen.storyboard */,
				B6979C551D43C87200D151F6 /* Info.plist */,
			);
			path = "UIWindow滚到最上面的demo";
			sourceTree = "<group>";
		};
/* End PBXGroup section */

/* Begin PBXNativeTarget section */
		B6979C451D43C87200D151F6 /* UIWindow滚到最上面的demo */ = {
			isa = PBXNativeTarget;
			buildConfigurationList = B6979C581D43C87200D151F6 /* Build configuration list for PBXNativeTarget "UIWindow滚到最上面的demo" */;
			buildPhases = (
				B6979C421D43C87200D151F6 /* Sources */,
				B6979C431D43C87200D151F6 /* Frameworks */,
				B6979C441D43C87200D151F6 /* Resources */,
			);
			buildRules = (
			);
			dependencies = (
			);
			name = "UIWindow滚到最上面的demo";
			productName = "UIWindow滚到最上面的demo";
			productReference = B6979C461D43C87200D151F6 /* UIWindow滚到最上面的demo.app */;
			productType = "com.apple.product-type.application";
		};
/* End PBXNativeTarget section */

/* Begin PBXProject section */
		B6979C3E1D43C87200D151F6 /* Project object */ = {
			isa = PBXProject;
			attributes = {
				LastSwiftUpdateCheck = 0720;
				LastUpgradeCheck = 0720;
				ORGANIZATIONNAME = xuhongru;
				TargetAttributes = {
					B6979C451D43C87200D151F6 = {
						CreatedOnToolsVersion = 7.2.1;
						DevelopmentTeam = 257QQ37JJL;
					};
				};
			};
			buildConfigurationList = B6979C411D43C87200D151F6 /* Build configuration list for PBXProject "UIWindow滚到最上面的demo" */;
			compatibilityVersion = "Xcode 3.2";
			developmentRegion = English;
			hasScannedForEncodings = 0;
			knownRegions = (
				en,
				Base,
			);
			mainGroup = B6979C3D1D43C87200D151F6;
			productRefGroup = B6979C471D43C87200D151F6 /* Products */;
			projectDirPath = "";
			projectRoot = "";
			targets = (
				B6979C451D43C87200D151F6 /* UIWindow滚到最上面的demo */,
			);
		};
/* End PBXProject section */

/* Begin PBXResourcesBuildPhase section */
		B6979C441D43C87200D151F6 /* Resources */ = {
			isa = PBXResourcesBuildPhase;
			buildActionMask = 2147483647;
			files = (
				B6979C541D43C87200D151F6 /* LaunchScreen.storyboard in Resources */,
				B6979C511D43C87200D151F6 /* Assets.xcassets in Resources */,
			);
			runOnlyForDeploymentPostprocessing = 0;
		};
/* End PBXResourcesBuildPhase section */

/* Begin PBXSourcesBuildPhase section */
		B6979C421D43C87200D151F6 /* Sources */ = {
			isa = PBXSourcesBuildPhase;
			buildActionMask = 2147483647;
			files = (
				B6979C5C1D43C8DA00D151F6 /* UIView+Extension.swift in Sources */,
				B6979C601D445F2800D151F6 /* SecondTableViewController.swift in Sources */,
				B6979C641D44620200D151F6 /* FirstTableViewController.swift in Sources */,
				B6979C5E1D43CB5D00D151F6 /* TopWindowViewController.swift in Sources */,
				B6979C621D445FEA00D151F6 /* SuperViewController.swift in Sources */,
				B6979C4A1D43C87200D151F6 /* AppDelegate.swift in Sources */,
			);
			runOnlyForDeploymentPostprocessing = 0;
		};
/* End PBXSourcesBuildPhase section */

/* Begin PBXVariantGroup section */
		B6979C521D43C87200D151F6 /* LaunchScreen.storyboard */ = {
			isa = PBXVariantGroup;
			children = (
				B6979C531D43C87200D151F6 /* Base */,
			);
			name = LaunchScreen.storyboard;
			sourceTree = "<group>";
		};
/* End PBXVariantGroup section */

/* Begin XCBuildConfiguration section */
		B6979C561D43C87200D151F6 /* Debug */ = {
			isa = XCBuildConfiguration;
			buildSettings = {
				ALWAYS_SEARCH_USER_PATHS = NO;
				CLANG_CXX_LANGUAGE_STANDARD = "gnu++0x";
				CLANG_CXX_LIBRARY = "libc++";
				CLANG_ENABLE_MODULES = YES;
				CLANG_ENABLE_OBJC_ARC = YES;
				CLANG_WARN_BOOL_CONVERSION = YES;
				CLANG_WARN_CONSTANT_CONVERSION = YES;
				CLANG_WARN_DIRECT_OBJC_ISA_USAGE = YES_ERROR;
				CLANG_WARN_EMPTY_BODY = YES;
				CLANG_WARN_ENUM_CONVERSION = YES;
				CLANG_WARN_INT_CONVERSION = YES;
				CLANG_WARN_OBJC_ROOT_CLASS = YES_ERROR;
				CLANG_WARN_UNREACHABLE_CODE = YES;
				CLANG_WARN__DUPLICATE_METHOD_MATCH = YES;
				"CODE_SIGN_IDENTITY[sdk=iphoneos*]" = "iPhone Developer";
				COPY_PHASE_STRIP = NO;
				DEBUG_INFORMATION_FORMAT = dwarf;
				ENABLE_STRICT_OBJC_MSGSEND = YES;
				ENABLE_TESTABILITY = YES;
				GCC_C_LANGUAGE_STANDARD = gnu99;
				GCC_DYNAMIC_NO_PIC = NO;
				GCC_NO_COMMON_BLOCKS = YES;
				GCC_OPTIMIZATION_LEVEL = 0;
				GCC_PREPROCESSOR_DEFINITIONS = (
					"DEBUG=1",
					"$(inherited)",
				);
				GCC_WARN_64_TO_32_BIT_CONVERSION = YES;
				GCC_WARN_ABOUT_RETURN_TYPE = YES_ERROR;
				GCC_WARN_UNDECLARED_SELECTOR = YES;
				GCC_WARN_UNINITIALIZED_AUTOS = YES_AGGRESSIVE;
				GCC_WARN_UNUSED_FUNCTION = YES;
				GCC_WARN_UNUSED_VARIABLE = YES;
				IPHONEOS_DEPLOYMENT_TARGET = 9.2;
				MTL_ENABLE_DEBUG_INFO = YES;
				ONLY_ACTIVE_ARCH = YES;
				SDKROOT = iphoneos;
				SWIFT_OPTIMIZATION_LEVEL = "-Onone";
				TARGETED_DEVICE_FAMILY = "1,2";
			};
			name = Debug;
		};
		B6979C571D43C87200D151F6 /* Release */ = {
			isa = XCBuildConfiguration;
			buildSettings = {
				ALWAYS_SEARCH_USER_PATHS = NO;
				CLANG_CXX_LANGUAGE_STANDARD = "gnu++0x";
				CLANG_CXX_LIBRARY = "libc++";
				CLANG_ENABLE_MODULES = YES;
				CLANG_ENABLE_OBJC_ARC = YES;
				CLANG_WARN_BOOL_CONVERSION = YES;
				CLANG_WARN_CONSTANT_CONVERSION = YES;
				CLANG_WARN_DIRECT_OBJC_ISA_USAGE = YES_ERROR;
				CLANG_WARN_EMPTY_BODY = YES;
				CLANG_WARN_ENUM_CONVERSION = YES;
				CLANG_WARN_INT_CONVERSION = YES;
				CLANG_WARN_OBJC_ROOT_CLASS = YES_ERROR;
				CLANG_WARN_UNREACHABLE_CODE = YES;
				CLANG_WARN__DUPLICATE_METHOD_MATCH = YES;
				"CODE_SIGN_IDENTITY[sdk=iphoneos*]" = "iPhone Developer";
				COPY_PHASE_STRIP = NO;
				DEBUG_INFORMATION_FORMAT = "dwarf-with-dsym";
				ENABLE_NS_ASSERTIONS = NO;
				ENABLE_STRICT_OBJC_MSGSEND = YES;
				GCC_C_LANGUAGE_STANDARD = gnu99;
				GCC_NO_COMMON_BLOCKS = YES;
				GCC_WARN_64_TO_32_BIT_CONVERSION = YES;
				GCC_WARN_ABOUT_RETURN_TYPE = YES_ERROR;
				GCC_WARN_UNDECLARED_SELECTOR = YES;
				GCC_WARN_UNINITIALIZED_AUTOS = YES_AGGRESSIVE;
				GCC_WARN_UNUSED_FUNCTION = YES;
				GCC_WARN_UNUSED_VARIABLE = YES;
				IPHONEOS_DEPLOYMENT_TARGET = 9.2;
				MTL_ENABLE_DEBUG_INFO = NO;
				SDKROOT = iphoneos;
				TARGETED_DEVICE_FAMILY = "1,2";
				VALIDATE_PRODUCT = YES;
			};
			name = Release;
		};
		B6979C591D43C87200D151F6 /* Debug */ = {
			isa = XCBuildConfiguration;
			buildSettings = {
				ASSETCATALOG_COMPILER_APPICON_NAME = AppIcon;
				INFOPLIST_FILE = "UIWindow滚到最上面的demo/Info.plist";
				LD_RUNPATH_SEARCH_PATHS = "$(inherited) @executable_path/Frameworks";
				PRODUCT_BUNDLE_IDENTIFIER = "com.xuhongru.UIWindow------demo";
				PRODUCT_NAME = "$(TARGET_NAME)";
			};
			name = Debug;
		};
		B6979C5A1D43C87200D151F6 /* Release */ = {
			isa = XCBuildConfiguration;
			buildSettings = {
				ASSETCATALOG_COMPILER_APPICON_NAME = AppIcon;
				INFOPLIST_FILE = "UIWindow滚到最上面的demo/Info.plist";
				LD_RUNPATH_SEARCH_PATHS = "$(inherited) @executable_path/Frameworks";
				PRODUCT_BUNDLE_IDENTIFIER = "com.xuhongru.UIWindow------demo";
				PRODUCT_NAME = "$(TARGET_NAME)";
			};
			name = Release;
		};
/* End XCBuildConfiguration section */

/* Begin XCConfigurationList section */
		B6979C411D43C87200D151F6 /* Build configuration list for PBXProject "UIWindow滚到最上面的demo" */ = {
			isa = XCConfigurationList;
			buildConfigurations = (
				B6979C561D43C87200D151F6 /* Debug */,
				B6979C571D43C87200D151F6 /* Release */,
			);
			defaultConfigurationIsVisible = 0;
			defaultConfigurationName = Release;
		};
		B6979C581D43C87200D151F6 /* Build configuration list for PBXNativeTarget "UIWindow滚到最上面的demo" */ = {
			isa = XCConfigurationList;
			buildConfigurations = (
				B6979C591D43C87200D151F6 /* Debug */,
				B6979C5A1D43C87200D151F6 /* Release */,
			);
			defaultConfigurationIsVisible = 0;
		};
/* End XCConfigurationList section */
	};
	rootObject = B6979C3E1D43C87200D151F6 /* Project object */;
}
